
Microsoft Visual Studio Solution File, Format Version 12.00
# Visual Studio Version 16
VisualStudioVersion = 16.0.34931.43
MinimumVisualStudioVersion = 10.0.40219.1
Project("{FAE04EC0-301F-11D3-BF4B-00C04F79EFBC}") = "ConsoleApp35.1", "ConsoleApp35.1.csproj", "{517160E7-8B45-462A-8809-E043B8346EC3}"
EndProject
Global
	GlobalSection(SolutionConfigurationPlatforms) = preSolution
		Debug|Any CPU = Debug|Any CPU
		Release|Any CPU = Release|Any CPU
	EndGlobalSection
	GlobalSection(ProjectConfigurationPlatforms) = postSolution
		{517160E7-8B45-462A-8809-E043B8346EC3}.Debug|Any CPU.ActiveCfg = Debug|Any CPU
		{517160E7-8B45-462A-8809-E043B8346EC3}.Debug|Any CPU.Build.0 = Debug|Any CPU
		{517160E7-8B45-462A-8809-E043B8346EC3}.Release|Any CPU.ActiveCfg = Release|Any CPU
		{517160E7-8B45-462A-8809-E043B8346EC3}.Release|Any CPU.Build.0 = Release|Any CPU
	EndGlobalSection
	GlobalSection(SolutionProperties) = preSolution
		HideSolutionNode = FALSE
	EndGlobalSection
	GlobalSection(ExtensibilityGlobals) = postSolution
		SolutionGuid = {B8988E10-D470-4426-A01F-A1648BDE8732}
	EndGlobalSection
EndGlobal
